// !$*UTF8*$!
{
	archiveVersion = 1;
	classes = {
	};
	objectVersion = 50;
	objects = {

/* Begin PBXBuildFile section */
		8913B1AB24573578005E00F7 /* AppDelegate.swift in Sources */ = {isa = PBXBuildFile; fileRef = 8913B1AA24573578005E00F7 /* AppDelegate.swift */; };
		8913B1AD24573578005E00F7 /* SceneDelegate.swift in Sources */ = {isa = PBXBuildFile; fileRef = 8913B1AC24573578005E00F7 /* SceneDelegate.swift */; };
		8913B1AF24573578005E00F7 /* ViewController.swift in Sources */ = {isa = PBXBuildFile; fileRef = 8913B1AE24573578005E00F7 /* ViewController.swift */; };
		8913B1B224573578005E00F7 /* Main.storyboard in Resources */ = {isa = PBXBuildFile; fileRef = 8913B1B024573578005E00F7 /* Main.storyboard */; };
		8913B1B42457357C005E00F7 /* Assets.xcassets in Resources */ = {isa = PBXBuildFile; fileRef = 8913B1B32457357C005E00F7 /* Assets.xcassets */; };
		8913B1B72457357C005E00F7 /* LaunchScreen.storyboard in Resources */ = {isa = PBXBuildFile; fileRef = 8913B1B52457357C005E00F7 /* LaunchScreen.storyboard */; };
		8913B1C22457357C005E00F7 /* love_food_recordTests.swift in Sources */ = {isa = PBXBuildFile; fileRef = 8913B1C12457357C005E00F7 /* love_food_recordTests.swift */; };
		8913B1CD2457357C005E00F7 /* love_food_recordUITests.swift in Sources */ = {isa = PBXBuildFile; fileRef = 8913B1CC2457357C005E00F7 /* love_food_recordUITests.swift */; };
		8962676E24596B170080CB49 /* Item1VC.swift in Sources */ = {isa = PBXBuildFile; fileRef = 8962676D24596B170080CB49 /* Item1VC.swift */; };
		8962677024596FDD0080CB49 /* Item2TVC.swift in Sources */ = {isa = PBXBuildFile; fileRef = 8962676F24596FDD0080CB49 /* Item2TVC.swift */; };
		89626772245984E20080CB49 /* Item2VC.swift in Sources */ = {isa = PBXBuildFile; fileRef = 89626771245984E20080CB49 /* Item2VC.swift */; };
/* End PBXBuildFile section */

/* Begin PBXContainerItemProxy section */
		8913B1BE2457357C005E00F7 /* PBXContainerItemProxy */ = {
			isa = PBXContainerItemProxy;
			containerPortal = 8913B19F24573578005E00F7 /* Project object */;
			proxyType = 1;
			remoteGlobalIDString = 8913B1A624573578005E00F7;
			remoteInfo = "love-food-record";
		};
		8913B1C92457357C005E00F7 /* PBXContainerItemProxy */ = {
			isa = PBXContainerItemProxy;
			containerPortal = 8913B19F24573578005E00F7 /* Project object */;
			proxyType = 1;
			remoteGlobalIDString = 8913B1A624573578005E00F7;
			remoteInfo = "love-food-record";
		};
/* End PBXContainerItemProxy section */

/* Begin PBXFileReference section */
		8913B1A724573578005E00F7 /* love-food-record.app */ = {isa = PBXFileReference; explicitFileType = wrapper.application; includeInIndex = 0; path = "love-food-record.app"; sourceTree = BUILT_PRODUCTS_DIR; };
		8913B1AA24573578005E00F7 /* AppDelegate.swift */ = {isa = PBXFileReference; lastKnownFileType = sourcecode.swift; path = AppDelegate.swift; sourceTree = "<group>"; };
		8913B1AC24573578005E00F7 /* SceneDelegate.swift */ = {isa = PBXFileReference; lastKnownFileType = sourcecode.swift; path = SceneDelegate.swift; sourceTree = "<group>"; };
		8913B1AE24573578005E00F7 /* ViewController.swift */ = {isa = PBXFileReference; lastKnownFileType = sourcecode.swift; path = ViewController.swift; sourceTree = "<group>"; };
		8913B1B124573578005E00F7 /* Base */ = {isa = PBXFileReference; lastKnownFileType = file.storyboard; name = Base; path = Base.lproj/Main.storyboard; sourceTree = "<group>"; };
		8913B1B32457357C005E00F7 /* Assets.xcassets */ = {isa = PBXFileReference; lastKnownFileType = folder.assetcatalog; path = Assets.xcassets; sourceTree = "<group>"; };
		8913B1B62457357C005E00F7 /* Base */ = {isa = PBXFileReference; lastKnownFileType = file.storyboard; name = Base; path = Base.lproj/LaunchScreen.storyboard; sourceTree = "<group>"; };
		8913B1B82457357C005E00F7 /* Info.plist */ = {isa = PBXFileReference; lastKnownFileType = text.plist.xml; path = Info.plist; sourceTree = "<group>"; };
		8913B1BD2457357C005E00F7 /* love-food-recordTests.xctest */ = {isa = PBXFileReference; explicitFileType = wrapper.cfbundle; includeInIndex = 0; path = "love-food-recordTests.xctest"; sourceTree = BUILT_PRODUCTS_DIR; };
		8913B1C12457357C005E00F7 /* love_food_recordTests.swift */ = {isa = PBXFileReference; lastKnownFileType = sourcecode.swift; path = love_food_recordTests.swift; sourceTree = "<group>"; };
		8913B1C32457357C005E00F7 /* Info.plist */ = {isa = PBXFileReference; lastKnownFileType = text.plist.xml; path = Info.plist; sourceTree = "<group>"; };
		8913B1C82457357C005E00F7 /* love-food-recordUITests.xctest */ = {isa = PBXFileReference; explicitFileType = wrapper.cfbundle; includeInIndex = 0; path = "love-food-recordUITests.xctest"; sourceTree = BUILT_PRODUCTS_DIR; };
		8913B1CC2457357C005E00F7 /* love_food_recordUITests.swift */ = {isa = PBXFileReference; lastKnownFileType = sourcecode.swift; path = love_food_recordUITests.swift; sourceTree = "<group>"; };
		8913B1CE2457357C005E00F7 /* Info.plist */ = {isa = PBXFileReference; lastKnownFileType = text.plist.xml; path = Info.plist; sourceTree = "<group>"; };
		8962676D24596B170080CB49 /* Item1VC.swift */ = {isa = PBXFileReference; lastKnownFileType = sourcecode.swift; path = Item1VC.swift; sourceTree = "<group>"; };
		8962676F24596FDD0080CB49 /* Item2TVC.swift */ = {isa = PBXFileReference; lastKnownFileType = sourcecode.swift; path = Item2TVC.swift; sourceTree = "<group>"; };
		89626771245984E20080CB49 /* Item2VC.swift */ = {isa = PBXFileReference; lastKnownFileType = sourcecode.swift; path = Item2VC.swift; sourceTree = "<group>"; };
/* End PBXFileReference section */

/* Begin PBXFrameworksBuildPhase section */
		8913B1A424573578005E00F7 /* Frameworks */ = {
			isa = PBXFrameworksBuildPhase;
			buildActionMask = 2147483647;
			files = (
			);
			runOnlyForDeploymentPostprocessing = 0;
		};
		8913B1BA2457357C005E00F7 /* Frameworks */ = {
			isa = PBXFrameworksBuildPhase;
			buildActionMask = 2147483647;
			files = (
			);
			runOnlyForDeploymentPostprocessing = 0;
		};
		8913B1C52457357C005E00F7 /* Frameworks */ = {
			isa = PBXFrameworksBuildPhase;
			buildActionMask = 2147483647;
			files = (
			);
			runOnlyForDeploymentPostprocessing = 0;
		};
/* End PBXFrameworksBuildPhase section */

/* Begin PBXGroup section */
		8913B19E24573578005E00F7 = {
			isa = PBXGroup;
			children = (
				8913B1A924573578005E00F7 /* love-food-record */,
				8913B1C02457357C005E00F7 /* love-food-recordTests */,
				8913B1CB2457357C005E00F7 /* love-food-recordUITests */,
				8913B1A824573578005E00F7 /* Products */,
			);
			sourceTree = "<group>";
		};
		8913B1A824573578005E00F7 /* Products */ = {
			isa = PBXGroup;
			children = (
				8913B1A724573578005E00F7 /* love-food-record.app */,
				8913B1BD2457357C005E00F7 /* love-food-recordTests.xctest */,
				8913B1C82457357C005E00F7 /* love-food-recordUITests.xctest */,
			);
			name = Products;
			sourceTree = "<group>";
		};
		8913B1A924573578005E00F7 /* love-food-record */ = {
			isa = PBXGroup;
			children = (
				8913B1AA24573578005E00F7 /* AppDelegate.swift */,
				8913B1AC24573578005E00F7 /* SceneDelegate.swift */,
				8913B1AE24573578005E00F7 /* ViewController.swift */,
				8913B1B024573578005E00F7 /* Main.storyboard */,
				8913B1B32457357C005E00F7 /* Assets.xcassets */,
				8913B1B52457357C005E00F7 /* LaunchScreen.storyboard */,
				8913B1B82457357C005E00F7 /* Info.plist */,
				8962676D24596B170080CB49 /* Item1VC.swift */,
				8962676F24596FDD0080CB49 /* Item2TVC.swift */,
				89626771245984E20080CB49 /* Item2VC.swift */,
			);
			path = "love-food-record";
			sourceTree = "<group>";
		};
		8913B1C02457357C005E00F7 /* love-food-recordTests */ = {
			isa = PBXGroup;
			children = (
				8913B1C12457357C005E00F7 /* love_food_recordTests.swift */,
				8913B1C32457357C005E00F7 /* Info.plist */,
			);
			path = "love-food-recordTests";
			sourceTree = "<group>";
		};
		8913B1CB2457357C005E00F7 /* love-food-recordUITests */ = {
			isa = PBXGroup;
			children = (
				8913B1CC2457357C005E00F7 /* love_food_recordUITests.swift */,
				8913B1CE2457357C005E00F7 /* Info.plist */,
			);
			path = "love-food-recordUITests";
			sourceTree = "<group>";
		};
/* End PBXGroup section */

/* Begin PBXNativeTarget section */
		8913B1A624573578005E00F7 /* love-food-record */ = {
			isa = PBXNativeTarget;
			buildConfigurationList = 8913B1D12457357C005E00F7 /* Build configuration list for PBXNativeTarget "love-food-record" */;
			buildPhases = (
				8913B1A324573578005E00F7 /* Sources */,
				8913B1A424573578005E00F7 /* Frameworks */,
				8913B1A524573578005E00F7 /* Resources */,
			);
			buildRules = (
			);
			dependencies = (
			);
			name = "love-food-record";
			productName = "love-food-record";
			productReference = 8913B1A724573578005E00F7 /* love-food-record.app */;
			productType = "com.apple.product-type.application";
		};
		8913B1BC2457357C005E00F7 /* love-food-recordTests */ = {
			isa = PBXNativeTarget;
			buildConfigurationList = 8913B1D42457357C005E00F7 /* Build configuration list for PBXNativeTarget "love-food-recordTests" */;
			buildPhases = (
				8913B1B92457357C005E00F7 /* Sources */,
				8913B1BA2457357C005E00F7 /* Frameworks */,
				8913B1BB2457357C005E00F7 /* Resources */,
			);
			buildRules = (
			);
			dependencies = (
				8913B1BF2457357C005E00F7 /* PBXTargetDependency */,
			);
			name = "love-food-recordTests";
			productName = "love-food-recordTests";
			productReference = 8913B1BD2457357C005E00F7 /* love-food-recordTests.xctest */;
			productType = "com.apple.product-type.bundle.unit-test";
		};
		8913B1C72457357C005E00F7 /* love-food-recordUITests */ = {
			isa = PBXNativeTarget;
			buildConfigurationList = 8913B1D72457357C005E00F7 /* Build configuration list for PBXNativeTarget "love-food-recordUITests" */;
			buildPhases = (
				8913B1C42457357C005E00F7 /* Sources */,
				8913B1C52457357C005E00F7 /* Frameworks */,
				8913B1C62457357C005E00F7 /* Resources */,
			);
			buildRules = (
			);
			dependencies = (
				8913B1CA2457357C005E00F7 /* PBXTargetDependency */,
			);
			name = "love-food-recordUITests";
			productName = "love-food-recordUITests";
			productReference = 8913B1C82457357C005E00F7 /* love-food-recordUITests.xctest */;
			productType = "com.apple.product-type.bundle.ui-testing";
		};
/* End PBXNativeTarget section */

/* Begin PBXProject section */
		8913B19F24573578005E00F7 /* Project object */ = {
			isa = PBXProject;
			attributes = {
				LastSwiftUpdateCheck = 1140;
				LastUpgradeCheck = 1140;
				ORGANIZATIONNAME = "林逸清";
				TargetAttributes = {
					8913B1A624573578005E00F7 = {
						CreatedOnToolsVersion = 11.4;
					};
					8913B1BC2457357C005E00F7 = {
						CreatedOnToolsVersion = 11.4;
						TestTargetID = 8913B1A624573578005E00F7;
					};
					8913B1C72457357C005E00F7 = {
						CreatedOnToolsVersion = 11.4;
						TestTargetID = 8913B1A624573578005E00F7;
					};
				};
			};
			buildConfigurationList = 8913B1A224573578005E00F7 /* Build configuration list for PBXProject "love-food-record" */;
			compatibilityVersion = "Xcode 9.3";
			developmentRegion = en;
			hasScannedForEncodings = 0;
			knownRegions = (
				en,
				Base,
			);
			mainGroup = 8913B19E24573578005E00F7;
			productRefGroup = 8913B1A824573578005E00F7 /* Products */;
			projectDirPath = "";
			projectRoot = "";
			targets = (
				8913B1A624573578005E00F7 /* love-food-record */,
				8913B1BC2457357C005E00F7 /* love-food-recordTests */,
				8913B1C72457357C005E00F7 /* love-food-recordUITests */,
			);
		};
/* End PBXProject section */

/* Begin PBXResourcesBuildPhase section */
		8913B1A524573578005E00F7 /* Resources */ = {
			isa = PBXResourcesBuildPhase;
			buildActionMask = 2147483647;
			files = (
				8913B1B72457357C005E00F7 /* LaunchScreen.storyboard in Resources */,
				8913B1B42457357C005E00F7 /* Assets.xcassets in Resources */,
				8913B1B224573578005E00F7 /* Main.storyboard in Resources */,
			);
			runOnlyForDeploymentPostprocessing = 0;
		};
		8913B1BB2457357C005E00F7 /* Resources */ = {
			isa = PBXResourcesBuildPhase;
			buildActionMask = 2147483647;
			files = (
			);
			runOnlyForDeploymentPostprocessing = 0;
		};
		8913B1C62457357C005E00F7 /* Resources */ = {
			isa = PBXResourcesBuildPhase;
			buildActionMask = 2147483647;
			files = (
			);
			runOnlyForDeploymentPostprocessing = 0;
		};
/* End PBXResourcesBuildPhase section */

/* Begin PBXSourcesBuildPhase section */
		8913B1A324573578005E00F7 /* Sources */ = {
			isa = PBXSourcesBuildPhase;
			buildActionMask = 2147483647;
			files = (
				8913B1AF24573578005E00F7 /* ViewController.swift in Sources */,
				8962676E24596B170080CB49 /* Item1VC.swift in Sources */,
				8913B1AB24573578005E00F7 /* AppDelegate.swift in Sources */,
				8913B1AD24573578005E00F7 /* SceneDelegate.swift in Sources */,
				89626772245984E20080CB49 /* Item2VC.swift in Sources */,
				8962677024596FDD0080CB49 /* Item2TVC.swift in Sources */,
			);
			runOnlyForDeploymentPostprocessing = 0;
		};
		8913B1B92457357C005E00F7 /* Sources */ = {
			isa = PBXSourcesBuildPhase;
			buildActionMask = 2147483647;
			files = (
				8913B1C22457357C005E00F7 /* love_food_recordTests.swift in Sources */,
			);
			runOnlyForDeploymentPostprocessing = 0;
		};
		8913B1C42457357C005E00F7 /* Sources */ = {
			isa = PBXSourcesBuildPhase;
			buildActionMask = 2147483647;
			files = (
				8913B1CD2457357C005E00F7 /* love_food_recordUITests.swift in Sources */,
			);
			runOnlyForDeploymentPostprocessing = 0;
		};
/* End PBXSourcesBuildPhase section */

/* Begin PBXTargetDependency section */
		8913B1BF2457357C005E00F7 /* PBXTargetDependency */ = {
			isa = PBXTargetDependency;
			target = 8913B1A624573578005E00F7 /* love-food-record */;
			targetProxy = 8913B1BE2457357C005E00F7 /* PBXContainerItemProxy */;
		};
		8913B1CA2457357C005E00F7 /* PBXTargetDependency */ = {
			isa = PBXTargetDependency;
			target = 8913B1A624573578005E00F7 /* love-food-record */;
			targetProxy = 8913B1C92457357C005E00F7 /* PBXContainerItemProxy */;
		};
/* End PBXTargetDependency section */

/* Begin PBXVariantGroup section */
		8913B1B024573578005E00F7 /* Main.storyboard */ = {
			isa = PBXVariantGroup;
			children = (
				8913B1B124573578005E00F7 /* Base */,
			);
			name = Main.storyboard;
			sourceTree = "<group>";
		};
		8913B1B52457357C005E00F7 /* LaunchScreen.storyboard */ = {
			isa = PBXVariantGroup;
			children = (
				8913B1B62457357C005E00F7 /* Base */,
			);
			name = LaunchScreen.storyboard;
			sourceTree = "<group>";
		};
/* End PBXVariantGroup section */

/* Begin XCBuildConfiguration section */
		8913B1CF2457357C005E00F7 /* Debug */ = {
			isa = XCBuildConfiguration;
			buildSettings = {
				ALWAYS_SEARCH_USER_PATHS = NO;
				CLANG_ANALYZER_NONNULL = YES;
				CLANG_ANALYZER_NUMBER_OBJECT_CONVERSION = YES_AGGRESSIVE;
				CLANG_CXX_LANGUAGE_STANDARD = "gnu++14";
				CLANG_CXX_LIBRARY = "libc++";
				CLANG_ENABLE_MODULES = YES;
				CLANG_ENABLE_OBJC_ARC = YES;
				CLANG_ENABLE_OBJC_WEAK = YES;
				CLANG_WARN_BLOCK_CAPTURE_AUTORELEASING = YES;
				CLANG_WARN_BOOL_CONVERSION = YES;
				CLANG_WARN_COMMA = YES;
				CLANG_WARN_CONSTANT_CONVERSION = YES;
				CLANG_WARN_DEPRECATED_OBJC_IMPLEMENTATIONS = YES;
				CLANG_WARN_DIRECT_OBJC_ISA_USAGE = YES_ERROR;
				CLANG_WARN_DOCUMENTATION_COMMENTS = YES;
				CLANG_WARN_EMPTY_BODY = YES;
				CLANG_WARN_ENUM_CONVERSION = YES;
				CLANG_WARN_INFINITE_RECURSION = YES;
				CLANG_WARN_INT_CONVERSION = YES;
				CLANG_WARN_NON_LITERAL_NULL_CONVERSION = YES;
				CLANG_WARN_OBJC_IMPLICIT_RETAIN_SELF = YES;
				CLANG_WARN_OBJC_LITERAL_CONVERSION = YES;
				CLANG_WARN_OBJC_ROOT_CLASS = YES_ERROR;
				CLANG_WARN_RANGE_LOOP_ANALYSIS = YES;
				CLANG_WARN_STRICT_PROTOTYPES = YES;
				CLANG_WARN_SUSPICIOUS_MOVE = YES;
				CLANG_WARN_UNGUARDED_AVAILABILITY = YES_AGGRESSIVE;
				CLANG_WARN_UNREACHABLE_CODE = YES;
				CLANG_WARN__DUPLICATE_METHOD_MATCH = YES;
				COPY_PHASE_STRIP = NO;
				DEBUG_INFORMATION_FORMAT = dwarf;
				ENABLE_STRICT_OBJC_MSGSEND = YES;
				ENABLE_TESTABILITY = YES;
				GCC_C_LANGUAGE_STANDARD = gnu11;
				GCC_DYNAMIC_NO_PIC = NO;
				GCC_NO_COMMON_BLOCKS = YES;
				GCC_OPTIMIZATION_LEVEL = 0;
				GCC_PREPROCESSOR_DEFINITIONS = (
					"DEBUG=1",
					"$(inherited)",
				);
				GCC_WARN_64_TO_32_BIT_CONVERSION = YES;
				GCC_WARN_ABOUT_RETURN_TYPE = YES_ERROR;
				GCC_WARN_UNDECLARED_SELECTOR = YES;
				GCC_WARN_UNINITIALIZED_AUTOS = YES_AGGRESSIVE;
				GCC_WARN_UNUSED_FUNCTION = YES;
				GCC_WARN_UNUSED_VARIABLE = YES;
				IPHONEOS_DEPLOYMENT_TARGET = 13.4;
				MTL_ENABLE_DEBUG_INFO = INCLUDE_SOURCE;
				MTL_FAST_MATH = YES;
				ONLY_ACTIVE_ARCH = YES;
				SDKROOT = iphoneos;
				SWIFT_ACTIVE_COMPILATION_CONDITIONS = DEBUG;
				SWIFT_OPTIMIZATION_LEVEL = "-Onone";
			};
			name = Debug;
		};
		8913B1D02457357C005E00F7 /* Release */ = {
			isa = XCBuildConfiguration;
			buildSettings = {
				ALWAYS_SEARCH_USER_PATHS = NO;
				CLANG_ANALYZER_NONNULL = YES;
				CLANG_ANALYZER_NUMBER_OBJECT_CONVERSION = YES_AGGRESSIVE;
				CLANG_CXX_LANGUAGE_STANDARD = "gnu++14";
				CLANG_CXX_LIBRARY = "libc++";
				CLANG_ENABLE_MODULES = YES;
				CLANG_ENABLE_OBJC_ARC = YES;
				CLANG_ENABLE_OBJC_WEAK = YES;
				CLANG_WARN_BLOCK_CAPTURE_AUTORELEASING = YES;
				CLANG_WARN_BOOL_CONVERSION = YES;
				CLANG_WARN_COMMA = YES;
				CLANG_WARN_CONSTANT_CONVERSION = YES;
				CLANG_WARN_DEPRECATED_OBJC_IMPLEMENTATIONS = YES;
				CLANG_WARN_DIRECT_OBJC_ISA_USAGE = YES_ERROR;
				CLANG_WARN_DOCUMENTATION_COMMENTS = YES;
				CLANG_WARN_EMPTY_BODY = YES;
				CLANG_WARN_ENUM_CONVERSION = YES;
				CLANG_WARN_INFINITE_RECURSION = YES;
				CLANG_WARN_INT_CONVERSION = YES;
				CLANG_WARN_NON_LITERAL_NULL_CONVERSION = YES;
				CLANG_WARN_OBJC_IMPLICIT_RETAIN_SELF = YES;
				CLANG_WARN_OBJC_LITERAL_CONVERSION = YES;
				CLANG_WARN_OBJC_ROOT_CLASS = YES_ERROR;
				CLANG_WARN_RANGE_LOOP_ANALYSIS = YES;
				CLANG_WARN_STRICT_PROTOTYPES = YES;
				CLANG_WARN_SUSPICIOUS_MOVE = YES;
				CLANG_WARN_UNGUARDED_AVAILABILITY = YES_AGGRESSIVE;
				CLANG_WARN_UNREACHABLE_CODE = YES;
				CLANG_WARN__DUPLICATE_METHOD_MATCH = YES;
				COPY_PHASE_STRIP = NO;
				DEBUG_INFORMATION_FORMAT = "dwarf-with-dsym";
				ENABLE_NS_ASSERTIONS = NO;
				ENABLE_STRICT_OBJC_MSGSEND = YES;
				GCC_C_LANGUAGE_STANDARD = gnu11;
				GCC_NO_COMMON_BLOCKS = YES;
				GCC_WARN_64_TO_32_BIT_CONVERSION = YES;
				GCC_WARN_ABOUT_RETURN_TYPE = YES_ERROR;
				GCC_WARN_UNDECLARED_SELECTOR = YES;
				GCC_WARN_UNINITIALIZED_AUTOS = YES_AGGRESSIVE;
				GCC_WARN_UNUSED_FUNCTION = YES;
				GCC_WARN_UNUSED_VARIABLE = YES;
				IPHONEOS_DEPLOYMENT_TARGET = 13.4;
				MTL_ENABLE_DEBUG_INFO = NO;
				MTL_FAST_MATH = YES;
				SDKROOT = iphoneos;
				SWIFT_COMPILATION_MODE = wholemodule;
				SWIFT_OPTIMIZATION_LEVEL = "-O";
				VALIDATE_PRODUCT = YES;
			};
			name = Release;
		};
		8913B1D22457357C005E00F7 /* Debug */ = {
			isa = XCBuildConfiguration;
			buildSettings = {
				ASSETCATALOG_COMPILER_APPICON_NAME = AppIcon;
				CODE_SIGN_STYLE = Automatic;
				INFOPLIST_FILE = "love-food-record/Info.plist";
				LD_RUNPATH_SEARCH_PATHS = (
					"$(inherited)",
					"@executable_path/Frameworks",
				);
				PRODUCT_BUNDLE_IDENTIFIER = "LinFamily.love-food-record";
				PRODUCT_NAME = "$(TARGET_NAME)";
				SWIFT_VERSION = 5.0;
				TARGETED_DEVICE_FAMILY = "1,2";
			};
			name = Debug;
		};
		8913B1D32457357C005E00F7 /* Release */ = {
			isa = XCBuildConfiguration;
			buildSettings = {
				ASSETCATALOG_COMPILER_APPICON_NAME = AppIcon;
				CODE_SIGN_STYLE = Automatic;
				INFOPLIST_FILE = "love-food-record/Info.plist";
				LD_RUNPATH_SEARCH_PATHS = (
					"$(inherited)",
					"@executable_path/Frameworks",
				);
				PRODUCT_BUNDLE_IDENTIFIER = "LinFamily.love-food-record";
				PRODUCT_NAME = "$(TARGET_NAME)";
				SWIFT_VERSION = 5.0;
				TARGETED_DEVICE_FAMILY = "1,2";
			};
			name = Release;
		};
		8913B1D52457357C005E00F7 /* Debug */ = {
			isa = XCBuildConfiguration;
			buildSettings = {
				ALWAYS_EMBED_SWIFT_STANDARD_LIBRARIES = YES;
				BUNDLE_LOADER = "$(TEST_HOST)";
				CODE_SIGN_STYLE = Automatic;
				INFOPLIST_FILE = "love-food-recordTests/Info.plist";
				IPHONEOS_DEPLOYMENT_TARGET = 13.4;
				LD_RUNPATH_SEARCH_PATHS = (
					"$(inherited)",
					"@executable_path/Frameworks",
					"@loader_path/Frameworks",
				);
				PRODUCT_BUNDLE_IDENTIFIER = "LinFamily.love-food-recordTests";
				PRODUCT_NAME = "$(TARGET_NAME)";
				SWIFT_VERSION = 5.0;
				TARGETED_DEVICE_FAMILY = "1,2";
				TEST_HOST = "$(BUILT_PRODUCTS_DIR)/love-food-record.app/love-food-record";
			};
			name = Debug;
		};
		8913B1D62457357C005E00F7 /* Release */ = {
			isa = XCBuildConfiguration;
			buildSettings = {
				ALWAYS_EMBED_SWIFT_STANDARD_LIBRARIES = YES;
				BUNDLE_LOADER = "$(TEST_HOST)";
				CODE_SIGN_STYLE = Automatic;
				INFOPLIST_FILE = "love-food-recordTests/Info.plist";
				IPHONEOS_DEPLOYMENT_TARGET = 13.4;
				LD_RUNPATH_SEARCH_PATHS = (
					"$(inherited)",
					"@executable_path/Frameworks",
					"@loader_path/Frameworks",
				);
				PRODUCT_BUNDLE_IDENTIFIER = "LinFamily.love-food-recordTests";
				PRODUCT_NAME = "$(TARGET_NAME)";
				SWIFT_VERSION = 5.0;
				TARGETED_DEVICE_FAMILY = "1,2";
				TEST_HOST = "$(BUILT_PRODUCTS_DIR)/love-food-record.app/love-food-record";
			};
			name = Release;
		};
		8913B1D82457357C005E00F7 /* Debug */ = {
			isa = XCBuildConfiguration;
			buildSettings = {
				ALWAYS_EMBED_SWIFT_STANDARD_LIBRARIES = YES;
				CODE_SIGN_STYLE = Automatic;
				INFOPLIST_FILE = "love-food-recordUITests/Info.plist";
				LD_RUNPATH_SEARCH_PATHS = (
					"$(inherited)",
					"@executable_path/Frameworks",
					"@loader_path/Frameworks",
				);
				PRODUCT_BUNDLE_IDENTIFIER = "LinFamily.love-food-recordUITests";
				PRODUCT_NAME = "$(TARGET_NAME)";
				SWIFT_VERSION = 5.0;
				TARGETED_DEVICE_FAMILY = "1,2";
				TEST_TARGET_NAME = "love-food-record";
			};
			name = Debug;
		};
		8913B1D92457357C005E00F7 /* Release */ = {
			isa = XCBuildConfiguration;
			buildSettings = {
				ALWAYS_EMBED_SWIFT_STANDARD_LIBRARIES = YES;
				CODE_SIGN_STYLE = Automatic;
				INFOPLIST_FILE = "love-food-recordUITests/Info.plist";
				LD_RUNPATH_SEARCH_PATHS = (
					"$(inherited)",
					"@executable_path/Frameworks",
					"@loader_path/Frameworks",
				);
				PRODUCT_BUNDLE_IDENTIFIER = "LinFamily.love-food-recordUITests";
				PRODUCT_NAME = "$(TARGET_NAME)";
				SWIFT_VERSION = 5.0;
				TARGETED_DEVICE_FAMILY = "1,2";
				TEST_TARGET_NAME = "love-food-record";
			};
			name = Release;
		};
/* End XCBuildConfiguration section */

/* Begin XCConfigurationList section */
		8913B1A224573578005E00F7 /* Build configuration list for PBXProject "love-food-record" */ = {
			isa = XCConfigurationList;
			buildConfigurations = (
				8913B1CF2457357C005E00F7 /* Debug */,
				8913B1D02457357C005E00F7 /* Release */,
			);
			defaultConfigurationIsVisible = 0;
			defaultConfigurationName = Release;
		};
		8913B1D12457357C005E00F7 /* Build configuration list for PBXNativeTarget "love-food-record" */ = {
			isa = XCConfigurationList;
			buildConfigurations = (
				8913B1D22457357C005E00F7 /* Debug */,
				8913B1D32457357C005E00F7 /* Release */,
			);
			defaultConfigurationIsVisible = 0;
			defaultConfigurationName = Release;
		};
		8913B1D42457357C005E00F7 /* Build configuration list for PBXNativeTarget "love-food-recordTests" */ = {
			isa = XCConfigurationList;
			buildConfigurations = (
				8913B1D52457357C005E00F7 /* Debug */,
				8913B1D62457357C005E00F7 /* Release */,
			);
			defaultConfigurationIsVisible = 0;
			defaultConfigurationName = Release;
		};
		8913B1D72457357C005E00F7 /* Build configuration list for PBXNativeTarget "love-food-recordUITests" */ = {
			isa = XCConfigurationList;
			buildConfigurations = (
				8913B1D82457357C005E00F7 /* Debug */,
				8913B1D92457357C005E00F7 /* Release */,
			);
			defaultConfigurationIsVisible = 0;
			defaultConfigurationName = Release;
		};
/* End XCConfigurationList section */
	};
	rootObject = 8913B19F24573578005E00F7 /* Project object */;
}
